<?xml version="1.0" encoding="utf-8"?>
<Project ToolsVersion="4.0" xmlns="http://schemas.microsoft.com/developer/msbuild/2003">
  <ItemGroup>
    <Filter Include="obse">
      <UniqueIdentifier>{a3e82dc2-aaf2-4c99-af33-02d3aa02a51f}</UniqueIdentifier>
    </Filter>
  </ItemGroup>
  <ItemGroup>
    <ClCompile Include="..\obse\obse\GameActorValues.cpp">
      <Filter>obse</Filter>
    </ClCompile>
    <ClCompile Include="..\obse\obse\GameAPI.cpp">
      <Filter>obse</Filter>
    </ClCompile>
    <ClCompile Include="..\obse\obse\GameBSExtraData.cpp">
      <Filter>obse</Filter>
    </ClCompile>
    <ClCompile Include="..\obse\obse\GameData.cpp">
      <Filter>obse</Filter>
    </ClCompile>
    <ClCompile Include="..\obse\obse\GameExtraData.cpp">
      <Filter>obse</Filter>
    </ClCompile>
    <ClCompile Include="..\obse\obse\GameForms.cpp">
      <Filter>obse</Filter>
    </ClCompile>
    <ClCompile Include="..\obse\obse\GameObjects.cpp">
      <Filter>obse</Filter>
    </ClCompile>
    <ClCompile Include="..\obse\obse\GameTasks.cpp">
      <Filter>obse</Filter>
    </ClCompile>
    <ClCompile Include="..\obse\obse\GameTypes.cpp">
      <Filter>obse</Filter>
    </ClCompile>
    <ClCompile Include="..\obse\obse\NiAPI.cpp">
      <Filter>obse</Filter>
    </ClCompile>
    <ClCompile Include="..\obse\obse\NiNodes.cpp">
      <Filter>obse</Filter>
    </ClCompile>
    <ClCompile Include="..\obse\obse\NiRTTI.cpp">
      <Filter>obse</Filter>
    </ClCompile>
    <ClCompile Include="..\obse\obse\Script.cpp">
      <Filter>obse</Filter>
    </ClCompile>
    <ClCompile Include="..\obse\obse\Utilities.cpp">
      <Filter>obse</Filter>
    </ClCompile>
    <ClCompile Include="dllmain.c" />
    <ClCompile Include="main.cpp" />
  </ItemGroup>
  <ItemGroup>
    <ClInclude Include="..\obse\obse\GameActorValues.h">
      <Filter>obse</Filter>
    </ClInclude>
    <ClInclude Include="..\obse\obse\GameAPI.h">
      <Filter>obse</Filter>
    </ClInclude>
    <ClInclude Include="..\obse\obse\GameBSExtraData.h">
      <Filter>obse</Filter>
    </ClInclude>
    <ClInclude Include="..\obse\obse\GameData.h">
      <Filter>obse</Filter>
    </ClInclude>
    <ClInclude Include="..\obse\obse\GameExtraData.h">
      <Filter>obse</Filter>
    </ClInclude>
    <ClInclude Include="..\obse\obse\GameForms.h">
      <Filter>obse</Filter>
    </ClInclude>
    <ClInclude Include="..\obse\obse\GameObjects.h">
      <Filter>obse</Filter>
    </ClInclude>
    <ClInclude Include="..\obse\obse\GameTasks.h">
      <Filter>obse</Filter>
    </ClInclude>
    <ClInclude Include="..\obse\obse\GameTypes.h">
      <Filter>obse</Filter>
    </ClInclude>
    <ClInclude Include="..\obse\obse\NiAPI.h">
      <Filter>obse</Filter>
    </ClInclude>
    <ClInclude Include="..\obse\obse\NiNodes.h">
      <Filter>obse</Filter>
    </ClInclude>
    <ClInclude Include="..\obse\obse\NiRTTI.h">
      <Filter>obse</Filter>
    </ClInclude>
    <ClInclude Include="..\obse\obse\ParamInfos.h">
      <Filter>obse</Filter>
    </ClInclude>
    <ClInclude Include="..\obse\obse\PluginAPI.h">
      <Filter>obse</Filter>
    </ClInclude>
    <ClInclude Include="..\obse\obse\Script.h">
      <Filter>obse</Filter>
    </ClInclude>
    <ClInclude Include="..\obse\obse\Utilities.h">
      <Filter>obse</Filter>
    </ClInclude>
  </ItemGroup>
  <ItemGroup>
    <None Include="..\obse\obse\GameRTTI_1_2_416.inl">
      <Filter>obse</Filter>
    </None>
    <None Include="exports.def" />
  </ItemGroup>
</Project>