Microsoft Visual Studio Solution File, Format Version 12.00
# Visual Studio Version 16
VisualStudioVersion = 16.0.29806.167
MinimumVisualStudioVersion = 10.0.40219.1
Project("{8BC9CEB8-8B4A-11D0-8D11-00A0C91BC942}") = "loader", "loader\loader.vcxproj", "{5B080AB3-FC8A-43BB-99DA-9022F34FD9A5}"
EndProject
Project("{8BC9CEB8-8B4A-11D0-8D11-00A0C91BC942}") = "common", "..\common\common.vcxproj", "{20C6411C-596F-4B85-BE4E-8BC91F59D8A6}"
EndProject
Project("{8BC9CEB8-8B4A-11D0-8D11-00A0C91BC942}") = "obse", "obse\obse.vcxproj", "{01B76B21-F851-436E-ACEA-64FA03BE8C59}"
EndProject
Project("{8BC9CEB8-8B4A-11D0-8D11-00A0C91BC942}") = "obse_editor", "obse_editor\obse_editor.vcxproj", "{AE98B269-67B4-4B3E-B4C8-6274F48282E8}"
EndProject
Project("{8BC9CEB8-8B4A-11D0-8D11-00A0C91BC942}") = "loader_common", "loader_common\loader_common.vcxproj", "{BF68A124-94BA-4917-818B-92931820B026}"
EndProject
Project("{8BC9CEB8-8B4A-11D0-8D11-00A0C91BC942}") = "steam_loader", "steam_loader\steam_loader.vcxproj", "{0B4878C9-13C0-45F2-A25D-F532EC19760A}"
EndProject
Project("{2150E333-8FDC-42A3-9474-1A3956D46DE8}") = "Solution Items", "Solution Items", "{5E422644-FAA4-42A1-9021-5596F871FD80}"
EndProject
Global
	GlobalSection(SolutionConfigurationPlatforms) = preSolution
		Debug|Win32 = Debug|Win32
		DebugMDd|Win32 = DebugMDd|Win32
		Release|Win32 = Release|Win32
		ReleaseMD|Win32 = ReleaseMD|Win32
	EndGlobalSection
	GlobalSection(ProjectConfigurationPlatforms) = postSolution
		{5B080AB3-FC8A-43BB-99DA-9022F34FD9A5}.Debug|Win32.ActiveCfg = Debug|Win32
		{5B080AB3-FC8A-43BB-99DA-9022F34FD9A5}.Debug|Win32.Build.0 = Debug|Win32
		{5B080AB3-FC8A-43BB-99DA-9022F34FD9A5}.DebugMDd|Win32.ActiveCfg = Debug|Win32
		{5B080AB3-FC8A-43BB-99DA-9022F34FD9A5}.DebugMDd|Win32.Build.0 = Debug|Win32
		{5B080AB3-FC8A-43BB-99DA-9022F34FD9A5}.Release|Win32.ActiveCfg = Release|Win32
		{5B080AB3-FC8A-43BB-99DA-9022F34FD9A5}.Release|Win32.Build.0 = Release|Win32
		{5B080AB3-FC8A-43BB-99DA-9022F34FD9A5}.ReleaseMD|Win32.ActiveCfg = Release|Win32
		{5B080AB3-FC8A-43BB-99DA-9022F34FD9A5}.ReleaseMD|Win32.Build.0 = Release|Win32
		{20C6411C-596F-4B85-BE4E-8BC91F59D8A6}.Debug|Win32.ActiveCfg = Debug|Win32
		{20C6411C-596F-4B85-BE4E-8BC91F59D8A6}.Debug|Win32.Build.0 = Debug|Win32
		{20C6411C-596F-4B85-BE4E-8BC91F59D8A6}.DebugMDd|Win32.ActiveCfg = Debug|Win32
		{20C6411C-596F-4B85-BE4E-8BC91F59D8A6}.DebugMDd|Win32.Build.0 = Debug|Win32
		{20C6411C-596F-4B85-BE4E-8BC91F59D8A6}.Release|Win32.ActiveCfg = Release|Win32
		{20C6411C-596F-4B85-BE4E-8BC91F59D8A6}.Release|Win32.Build.0 = Release|Win32
		{20C6411C-596F-4B85-BE4E-8BC91F59D8A6}.ReleaseMD|Win32.ActiveCfg = Release|Win32
		{20C6411C-596F-4B85-BE4E-8BC91F59D8A6}.ReleaseMD|Win32.Build.0 = Release|Win32
		{01B76B21-F851-436E-ACEA-64FA03BE8C59}.Debug|Win32.ActiveCfg = Debug 1_2_0_416|Win32
		{01B76B21-F851-436E-ACEA-64FA03BE8C59}.Debug|Win32.Build.0 = Debug 1_2_0_416|Win32
		{01B76B21-F851-436E-ACEA-64FA03BE8C59}.DebugMDd|Win32.ActiveCfg = Debug 1_2_0_416|Win32
		{01B76B21-F851-436E-ACEA-64FA03BE8C59}.DebugMDd|Win32.Build.0 = Debug 1_2_0_416|Win32
		{01B76B21-F851-436E-ACEA-64FA03BE8C59}.Release|Win32.ActiveCfg = Release 1_2_0_416|Win32
		{01B76B21-F851-436E-ACEA-64FA03BE8C59}.Release|Win32.Build.0 = Release 1_2_0_416|Win32
		{01B76B21-F851-436E-ACEA-64FA03BE8C59}.ReleaseMD|Win32.ActiveCfg = Release 1_2_0_416|Win32
		{01B76B21-F851-436E-ACEA-64FA03BE8C59}.ReleaseMD|Win32.Build.0 = Release 1_2_0_416|Win32
		{AE98B269-67B4-4B3E-B4C8-6274F48282E8}.Debug|Win32.ActiveCfg = Debug 1_2_0_0|Win32
		{AE98B269-67B4-4B3E-B4C8-6274F48282E8}.Debug|Win32.Build.0 = Debug 1_2_0_0|Win32
		{AE98B269-67B4-4B3E-B4C8-6274F48282E8}.DebugMDd|Win32.ActiveCfg = Debug 1_2_0_0|Win32
		{AE98B269-67B4-4B3E-B4C8-6274F48282E8}.DebugMDd|Win32.Build.0 = Debug 1_2_0_0|Win32
		{AE98B269-67B4-4B3E-B4C8-6274F48282E8}.Release|Win32.ActiveCfg = Release 1_2_0_0|Win32
		{AE98B269-67B4-4B3E-B4C8-6274F48282E8}.Release|Win32.Build.0 = Release 1_2_0_0|Win32
		{AE98B269-67B4-4B3E-B4C8-6274F48282E8}.ReleaseMD|Win32.ActiveCfg = Release 1_2_0_0|Win32
		{AE98B269-67B4-4B3E-B4C8-6274F48282E8}.ReleaseMD|Win32.Build.0 = Release 1_2_0_0|Win32
		{BF68A124-94BA-4917-818B-92931820B026}.Debug|Win32.ActiveCfg = Debug|Win32
		{BF68A124-94BA-4917-818B-92931820B026}.Debug|Win32.Build.0 = Debug|Win32
		{BF68A124-94BA-4917-818B-92931820B026}.DebugMDd|Win32.ActiveCfg = Debug|Win32
		{BF68A124-94BA-4917-818B-92931820B026}.DebugMDd|Win32.Build.0 = Debug|Win32
		{BF68A124-94BA-4917-818B-92931820B026}.Release|Win32.ActiveCfg = Release|Win32
		{BF68A124-94BA-4917-818B-92931820B026}.Release|Win32.Build.0 = Release|Win32
		{BF68A124-94BA-4917-818B-92931820B026}.ReleaseMD|Win32.ActiveCfg = Release|Win32
		{BF68A124-94BA-4917-818B-92931820B026}.ReleaseMD|Win32.Build.0 = Release|Win32
		{0B4878C9-13C0-45F2-A25D-F532EC19760A}.Debug|Win32.ActiveCfg = Debug|Win32
		{0B4878C9-13C0-45F2-A25D-F532EC19760A}.Debug|Win32.Build.0 = Debug|Win32
		{0B4878C9-13C0-45F2-A25D-F532EC19760A}.DebugMDd|Win32.ActiveCfg = Debug|Win32
		{0B4878C9-13C0-45F2-A25D-F532EC19760A}.DebugMDd|Win32.Build.0 = Debug|Win32
		{0B4878C9-13C0-45F2-A25D-F532EC19760A}.Release|Win32.ActiveCfg = Release|Win32
		{0B4878C9-13C0-45F2-A25D-F532EC19760A}.Release|Win32.Build.0 = Release|Win32
		{0B4878C9-13C0-45F2-A25D-F532EC19760A}.ReleaseMD|Win32.ActiveCfg = Release|Win32
		{0B4878C9-13C0-45F2-A25D-F532EC19760A}.ReleaseMD|Win32.Build.0 = Release|Win32
	EndGlobalSection
	GlobalSection(SolutionProperties) = preSolution
		HideSolutionNode = FALSE
	EndGlobalSection
	GlobalSection(ExtensibilityGlobals) = postSolution
		SolutionGuid = {4F3CF3B0-CC6E-4ADB-8F2B-5419092AA779}
	EndGlobalSection
EndGlobal
